
Microsoft Visual Studio Solution File, Format Version 12.00
# Visual Studio 15
VisualStudioVersion = 15.0.27428.2027
MinimumVisualStudioVersion = 10.0.40219.1
Project("{FAE04EC0-301F-11D3-BF4B-00C04F79EFBC}") = "StartUp_Page", "StartUp_Page\StartUp_Page.csproj", "{66CE298D-EBFE-4B32-B8CF-8CA06B62DC70}"
EndProject
Project("{FAE04EC0-301F-11D3-BF4B-00C04F79EFBC}") = "Business_Logic_Layer", "Business_Logic_Layer\Business_Logic_Layer.csproj", "{6B0E9F21-DA48-44D8-BDCC-65124E6454F9}"
EndProject
Project("{FAE04EC0-301F-11D3-BF4B-00C04F79EFBC}") = "Data_Access_Layer", "Data_Access_Layer\Data_Access_Layer.csproj", "{DEBF0217-C5FA-43A0-95F0-3DA9972917E3}"
EndProject
Global
	GlobalSection(SolutionConfigurationPlatforms) = preSolution
		Debug|Any CPU = Debug|Any CPU
		Release|Any CPU = Release|Any CPU
	EndGlobalSection
	GlobalSection(ProjectConfigurationPlatforms) = postSolution
		{66CE298D-EBFE-4B32-B8CF-8CA06B62DC70}.Debug|Any CPU.ActiveCfg = Debug|Any CPU
		{66CE298D-EBFE-4B32-B8CF-8CA06B62DC70}.Debug|Any CPU.Build.0 = Debug|Any CPU
		{66CE298D-EBFE-4B32-B8CF-8CA06B62DC70}.Release|Any CPU.ActiveCfg = Release|Any CPU
		{66CE298D-EBFE-4B32-B8CF-8CA06B62DC70}.Release|Any CPU.Build.0 = Release|Any CPU
		{6B0E9F21-DA48-44D8-BDCC-65124E6454F9}.Debug|Any CPU.ActiveCfg = Debug|Any CPU
		{6B0E9F21-DA48-44D8-BDCC-65124E6454F9}.Debug|Any CPU.Build.0 = Debug|Any CPU
		{6B0E9F21-DA48-44D8-BDCC-65124E6454F9}.Release|Any CPU.ActiveCfg = Release|Any CPU
		{6B0E9F21-DA48-44D8-BDCC-65124E6454F9}.Release|Any CPU.Build.0 = Release|Any CPU
		{DEBF0217-C5FA-43A0-95F0-3DA9972917E3}.Debug|Any CPU.ActiveCfg = Debug|Any CPU
		{DEBF0217-C5FA-43A0-95F0-3DA9972917E3}.Debug|Any CPU.Build.0 = Debug|Any CPU
		{DEBF0217-C5FA-43A0-95F0-3DA9972917E3}.Release|Any CPU.ActiveCfg = Release|Any CPU
		{DEBF0217-C5FA-43A0-95F0-3DA9972917E3}.Release|Any CPU.Build.0 = Release|Any CPU
	EndGlobalSection
	GlobalSection(SolutionProperties) = preSolution
		HideSolutionNode = FALSE
	EndGlobalSection
	GlobalSection(ExtensibilityGlobals) = postSolution
		SolutionGuid = {946F53E8-4FD9-47CE-9192-878C4A6E4502}
	EndGlobalSection
EndGlobal
